
Microsoft Visual Studio Solution File, Format Version 12.00
# Visual Studio Version 16
VisualStudioVersion = 16.0.30320.27
MinimumVisualStudioVersion = 10.0.40219.1
Project("{2150E333-8FDC-42A3-9474-1A3956D46DE8}") = "EcoMotorPanel", "EcoMotorPanel", "{CAE8E764-CF19-4260-8571-E530706673E3}"
EndProject
Project("{2150E333-8FDC-42A3-9474-1A3956D46DE8}") = "MainMotorPanel", "MainMotorPanel", "{61CAE243-487C-43EC-8BA0-4B135EAA0F2A}"
EndProject
Project("{FAE04EC0-301F-11D3-BF4B-00C04F79EFBC}") = "EcoMotorPanel.UI", "EcoMotorPanel\EcoMotorPanel.UI\EcoMotorPanel.UI.csproj", "{2AD5CA00-5141-4DD7-9825-2903435B2CA8}"
EndProject
Project("{FAE04EC0-301F-11D3-BF4B-00C04F79EFBC}") = "EcoMotorPanel.ShellProject", "EcoMotorPanel\EcoMotorPanel.ShellProject\EcoMotorPanel.ShellProject.csproj", "{402B1394-C9B8-4D03-ABB9-CE5DE02D6FBC}"
EndProject
Project("{FAE04EC0-301F-11D3-BF4B-00C04F79EFBC}") = "MainMotorPanel.UI", "MainMotorPanel\MainMotorPanel.UI\MainMotorPanel.UI.csproj", "{8C487867-DA14-4BFF-9A2E-7C22F95FC5E6}"
EndProject
Project("{FAE04EC0-301F-11D3-BF4B-00C04F79EFBC}") = "MainMotorPanel.ShellProject", "MainMotorPanel\MainMotorPanel.ShellProject\MainMotorPanel.ShellProject.csproj", "{D5CBE70C-1654-4F83-B0FD-4BA76AB85306}"
EndProject
Project("{FAE04EC0-301F-11D3-BF4B-00C04F79EFBC}") = "E3.ReactorManager.Interfaces", "..\E3.ReactorManager.Interfaces\E3.ReactorManager.Interfaces.csproj", "{620C94FE-D355-4801-92B0-F86D1B08FB02}"
EndProject
Project("{FAE04EC0-301F-11D3-BF4B-00C04F79EFBC}") = "E3.ReactorManager.DataAbstractionLayer", "..\E3.ReactorManager.DataAbstractionLayer\E3.ReactorManager.DataAbstractionLayer.csproj", "{B80F2ECA-8DED-4C50-900E-FAB60677D210}"
EndProject
Project("{FAE04EC0-301F-11D3-BF4B-00C04F79EFBC}") = "E3.ReactorManager.ControllerProvider", "..\E3.ReactorManager.ControllerProvider\E3.ReactorManager.ControllerProvider.csproj", "{C64802E4-4C76-4619-9B5B-1A6CB33431A0}"
EndProject
Project("{FAE04EC0-301F-11D3-BF4B-00C04F79EFBC}") = "E3.DialogServices", "..\E3.DialogServices\E3.DialogServices.csproj", "{558DC6A5-A076-4AB4-A001-AAC1A77D5D1C}"
EndProject
Project("{FAE04EC0-301F-11D3-BF4B-00C04F79EFBC}") = "E3.ReactorManager.Framework", "..\E3.ReactorManager.Framework\E3.ReactorManager.Framework.csproj", "{715C3551-6D5D-4140-AB98-5302729BEC11}"
EndProject
Project("{FAE04EC0-301F-11D3-BF4B-00C04F79EFBC}") = "E3.HardwareAbstractionLayer", "..\E3.HardwareAbstractionLayer\E3.HardwareAbstractionLayer.csproj", "{7BE7B6A6-990C-4946-AFDD-209B03FCC3A4}"
EndProject
Project("{FAE04EC0-301F-11D3-BF4B-00C04F79EFBC}") = "E3Tech.Navigation", "..\RecipeModules\E3Tech.Navigation\E3Tech.Navigation.csproj", "{DC50D873-ADE1-45CA-9F70-D310709EC32B}"
EndProject
Project("{FAE04EC0-301F-11D3-BF4B-00C04F79EFBC}") = "E3.ReactorManager.ReportsManager", "..\E3.ReactorManager.ReportsManager\E3.ReactorManager.ReportsManager.csproj", "{D7C4E8DC-BBEF-40D0-A852-434C3E843B45}"
EndProject
Project("{FAE04EC0-301F-11D3-BF4B-00C04F79EFBC}") = "E3.SessionManager", "..\E3.SessionManager\E3.SessionManager.csproj", "{67ECBDEF-38D8-4624-A22A-BA6263E669B9}"
EndProject
Project("{54435603-DBB4-11D2-8724-00A0C9A8B90C}") = "EcoMotorPanel.Installer", "EcoMotorPanel\EcoMotorPanel.Installer\EcoMotorPanel.Installer.vdproj", "{1961E940-F411-4530-965C-4B349A582BF5}"
EndProject
Project("{54435603-DBB4-11D2-8724-00A0C9A8B90C}") = "MainMotorPanel.Installer", "MainMotorPanel\MainMotorPanel.Installer\MainMotorPanel.Installer.vdproj", "{C3194629-1A87-475F-8122-0126C7967358}"
EndProject
Global
	GlobalSection(SolutionConfigurationPlatforms) = preSolution
		Debug|Any CPU = Debug|Any CPU
		Release|Any CPU = Release|Any CPU
	EndGlobalSection
	GlobalSection(ProjectConfigurationPlatforms) = postSolution
		{2AD5CA00-5141-4DD7-9825-2903435B2CA8}.Debug|Any CPU.ActiveCfg = Debug|Any CPU
		{2AD5CA00-5141-4DD7-9825-2903435B2CA8}.Debug|Any CPU.Build.0 = Debug|Any CPU
		{2AD5CA00-5141-4DD7-9825-2903435B2CA8}.Release|Any CPU.ActiveCfg = Release|Any CPU
		{2AD5CA00-5141-4DD7-9825-2903435B2CA8}.Release|Any CPU.Build.0 = Release|Any CPU
		{402B1394-C9B8-4D03-ABB9-CE5DE02D6FBC}.Debug|Any CPU.ActiveCfg = Debug|Any CPU
		{402B1394-C9B8-4D03-ABB9-CE5DE02D6FBC}.Debug|Any CPU.Build.0 = Debug|Any CPU
		{402B1394-C9B8-4D03-ABB9-CE5DE02D6FBC}.Release|Any CPU.ActiveCfg = Release|Any CPU
		{402B1394-C9B8-4D03-ABB9-CE5DE02D6FBC}.Release|Any CPU.Build.0 = Release|Any CPU
		{8C487867-DA14-4BFF-9A2E-7C22F95FC5E6}.Debug|Any CPU.ActiveCfg = Debug|Any CPU
		{8C487867-DA14-4BFF-9A2E-7C22F95FC5E6}.Debug|Any CPU.Build.0 = Debug|Any CPU
		{8C487867-DA14-4BFF-9A2E-7C22F95FC5E6}.Release|Any CPU.ActiveCfg = Release|Any CPU
		{8C487867-DA14-4BFF-9A2E-7C22F95FC5E6}.Release|Any CPU.Build.0 = Release|Any CPU
		{D5CBE70C-1654-4F83-B0FD-4BA76AB85306}.Debug|Any CPU.ActiveCfg = Debug|Any CPU
		{D5CBE70C-1654-4F83-B0FD-4BA76AB85306}.Debug|Any CPU.Build.0 = Debug|Any CPU
		{D5CBE70C-1654-4F83-B0FD-4BA76AB85306}.Release|Any CPU.ActiveCfg = Release|Any CPU
		{D5CBE70C-1654-4F83-B0FD-4BA76AB85306}.Release|Any CPU.Build.0 = Release|Any CPU
		{620C94FE-D355-4801-92B0-F86D1B08FB02}.Debug|Any CPU.ActiveCfg = Debug|Any CPU
		{620C94FE-D355-4801-92B0-F86D1B08FB02}.Debug|Any CPU.Build.0 = Debug|Any CPU
		{620C94FE-D355-4801-92B0-F86D1B08FB02}.Release|Any CPU.ActiveCfg = Release|Any CPU
		{620C94FE-D355-4801-92B0-F86D1B08FB02}.Release|Any CPU.Build.0 = Release|Any CPU
		{B80F2ECA-8DED-4C50-900E-FAB60677D210}.Debug|Any CPU.ActiveCfg = Debug|Any CPU
		{B80F2ECA-8DED-4C50-900E-FAB60677D210}.Debug|Any CPU.Build.0 = Debug|Any CPU
		{B80F2ECA-8DED-4C50-900E-FAB60677D210}.Release|Any CPU.ActiveCfg = Release|Any CPU
		{B80F2ECA-8DED-4C50-900E-FAB60677D210}.Release|Any CPU.Build.0 = Release|Any CPU
		{C64802E4-4C76-4619-9B5B-1A6CB33431A0}.Debug|Any CPU.ActiveCfg = Debug|Any CPU
		{C64802E4-4C76-4619-9B5B-1A6CB33431A0}.Debug|Any CPU.Build.0 = Debug|Any CPU
		{C64802E4-4C76-4619-9B5B-1A6CB33431A0}.Release|Any CPU.ActiveCfg = Release|Any CPU
		{C64802E4-4C76-4619-9B5B-1A6CB33431A0}.Release|Any CPU.Build.0 = Release|Any CPU
		{558DC6A5-A076-4AB4-A001-AAC1A77D5D1C}.Debug|Any CPU.ActiveCfg = Debug|Any CPU
		{558DC6A5-A076-4AB4-A001-AAC1A77D5D1C}.Debug|Any CPU.Build.0 = Debug|Any CPU
		{558DC6A5-A076-4AB4-A001-AAC1A77D5D1C}.Release|Any CPU.ActiveCfg = Release|Any CPU
		{558DC6A5-A076-4AB4-A001-AAC1A77D5D1C}.Release|Any CPU.Build.0 = Release|Any CPU
		{715C3551-6D5D-4140-AB98-5302729BEC11}.Debug|Any CPU.ActiveCfg = Debug|Any CPU
		{715C3551-6D5D-4140-AB98-5302729BEC11}.Debug|Any CPU.Build.0 = Debug|Any CPU
		{715C3551-6D5D-4140-AB98-5302729BEC11}.Release|Any CPU.ActiveCfg = Release|Any CPU
		{715C3551-6D5D-4140-AB98-5302729BEC11}.Release|Any CPU.Build.0 = Release|Any CPU
		{7BE7B6A6-990C-4946-AFDD-209B03FCC3A4}.Debug|Any CPU.ActiveCfg = Debug|Any CPU
		{7BE7B6A6-990C-4946-AFDD-209B03FCC3A4}.Debug|Any CPU.Build.0 = Debug|Any CPU
		{7BE7B6A6-990C-4946-AFDD-209B03FCC3A4}.Release|Any CPU.ActiveCfg = Release|Any CPU
		{7BE7B6A6-990C-4946-AFDD-209B03FCC3A4}.Release|Any CPU.Build.0 = Release|Any CPU
		{DC50D873-ADE1-45CA-9F70-D310709EC32B}.Debug|Any CPU.ActiveCfg = Debug|Any CPU
		{DC50D873-ADE1-45CA-9F70-D310709EC32B}.Debug|Any CPU.Build.0 = Debug|Any CPU
		{DC50D873-ADE1-45CA-9F70-D310709EC32B}.Release|Any CPU.ActiveCfg = Release|Any CPU
		{DC50D873-ADE1-45CA-9F70-D310709EC32B}.Release|Any CPU.Build.0 = Release|Any CPU
		{D7C4E8DC-BBEF-40D0-A852-434C3E843B45}.Debug|Any CPU.ActiveCfg = Debug|Any CPU
		{D7C4E8DC-BBEF-40D0-A852-434C3E843B45}.Debug|Any CPU.Build.0 = Debug|Any CPU
		{D7C4E8DC-BBEF-40D0-A852-434C3E843B45}.Release|Any CPU.ActiveCfg = Release|Any CPU
		{D7C4E8DC-BBEF-40D0-A852-434C3E843B45}.Release|Any CPU.Build.0 = Release|Any CPU
		{67ECBDEF-38D8-4624-A22A-BA6263E669B9}.Debug|Any CPU.ActiveCfg = Debug|Any CPU
		{67ECBDEF-38D8-4624-A22A-BA6263E669B9}.Debug|Any CPU.Build.0 = Debug|Any CPU
		{67ECBDEF-38D8-4624-A22A-BA6263E669B9}.Release|Any CPU.ActiveCfg = Release|Any CPU
		{67ECBDEF-38D8-4624-A22A-BA6263E669B9}.Release|Any CPU.Build.0 = Release|Any CPU
		{1961E940-F411-4530-965C-4B349A582BF5}.Debug|Any CPU.ActiveCfg = Debug
		{1961E940-F411-4530-965C-4B349A582BF5}.Debug|Any CPU.Build.0 = Debug
		{1961E940-F411-4530-965C-4B349A582BF5}.Release|Any CPU.ActiveCfg = Release
		{1961E940-F411-4530-965C-4B349A582BF5}.Release|Any CPU.Build.0 = Release
		{C3194629-1A87-475F-8122-0126C7967358}.Debug|Any CPU.ActiveCfg = Debug
		{C3194629-1A87-475F-8122-0126C7967358}.Debug|Any CPU.Build.0 = Debug
		{C3194629-1A87-475F-8122-0126C7967358}.Release|Any CPU.ActiveCfg = Release
		{C3194629-1A87-475F-8122-0126C7967358}.Release|Any CPU.Build.0 = Release
	EndGlobalSection
	GlobalSection(SolutionProperties) = preSolution
		HideSolutionNode = FALSE
	EndGlobalSection
	GlobalSection(NestedProjects) = preSolution
		{2AD5CA00-5141-4DD7-9825-2903435B2CA8} = {CAE8E764-CF19-4260-8571-E530706673E3}
		{402B1394-C9B8-4D03-ABB9-CE5DE02D6FBC} = {CAE8E764-CF19-4260-8571-E530706673E3}
		{8C487867-DA14-4BFF-9A2E-7C22F95FC5E6} = {61CAE243-487C-43EC-8BA0-4B135EAA0F2A}
		{D5CBE70C-1654-4F83-B0FD-4BA76AB85306} = {61CAE243-487C-43EC-8BA0-4B135EAA0F2A}
		{1961E940-F411-4530-965C-4B349A582BF5} = {CAE8E764-CF19-4260-8571-E530706673E3}
		{C3194629-1A87-475F-8122-0126C7967358} = {61CAE243-487C-43EC-8BA0-4B135EAA0F2A}
	EndGlobalSection
	GlobalSection(ExtensibilityGlobals) = postSolution
		SolutionGuid = {802888E1-7138-4F7C-BC30-E77DE832ACD0}
	EndGlobalSection
EndGlobal
