
Microsoft Visual Studio Solution File, Format Version 12.00
# Visual Studio Version 16
VisualStudioVersion = 16.0.30320.27
MinimumVisualStudioVersion = 10.0.40219.1
Project("{FAE04EC0-301F-11D3-BF4B-00C04F79EFBC}") = "Magar.Shell", "Magar.Shell\Magar.Shell.csproj", "{C7F19272-CC6A-4FAC-BD75-4FB87127B11F}"
EndProject
Project("{FAE04EC0-301F-11D3-BF4B-00C04F79EFBC}") = "Magar.Ui", "Magar.Ui\Magar.Ui.csproj", "{EE56CCF0-FC8A-4EC8-8051-1F5110CAA01B}"
EndProject
Project("{FAE04EC0-301F-11D3-BF4B-00C04F79EFBC}") = "E3.HardwareAbstractionLayer", "..\E3.HardwareAbstractionLayer\E3.HardwareAbstractionLayer.csproj", "{7BE7B6A6-990C-4946-AFDD-209B03FCC3A4}"
EndProject
Project("{FAE04EC0-301F-11D3-BF4B-00C04F79EFBC}") = "E3.ReactorManager.DataAbstractionLayer", "..\E3.ReactorManager.DataAbstractionLayer\E3.ReactorManager.DataAbstractionLayer.csproj", "{B80F2ECA-8DED-4C50-900E-FAB60677D210}"
EndProject
Project("{FAE04EC0-301F-11D3-BF4B-00C04F79EFBC}") = "E3.ReactorManager.ControllerProvider", "..\E3.ReactorManager.ControllerProvider\E3.ReactorManager.ControllerProvider.csproj", "{C64802E4-4C76-4619-9B5B-1A6CB33431A0}"
EndProject
Project("{FAE04EC0-301F-11D3-BF4B-00C04F79EFBC}") = "E3.ReactorManager.Framework", "..\E3.ReactorManager.Framework\E3.ReactorManager.Framework.csproj", "{715C3551-6D5D-4140-AB98-5302729BEC11}"
EndProject
Project("{FAE04EC0-301F-11D3-BF4B-00C04F79EFBC}") = "E3.ReactorManager.Interfaces", "..\E3.ReactorManager.Interfaces\E3.ReactorManager.Interfaces.csproj", "{620C94FE-D355-4801-92B0-F86D1B08FB02}"
EndProject
Project("{54435603-DBB4-11D2-8724-00A0C9A8B90C}") = "Magar.Installer", "Magar.Installer\Magar.Installer.vdproj", "{69DE04C2-1B92-4F01-987A-3C455FB3367C}"
EndProject
Global
	GlobalSection(SolutionConfigurationPlatforms) = preSolution
		Debug|Any CPU = Debug|Any CPU
		Release|Any CPU = Release|Any CPU
	EndGlobalSection
	GlobalSection(ProjectConfigurationPlatforms) = postSolution
		{C7F19272-CC6A-4FAC-BD75-4FB87127B11F}.Debug|Any CPU.ActiveCfg = Debug|Any CPU
		{C7F19272-CC6A-4FAC-BD75-4FB87127B11F}.Debug|Any CPU.Build.0 = Debug|Any CPU
		{C7F19272-CC6A-4FAC-BD75-4FB87127B11F}.Release|Any CPU.ActiveCfg = Release|Any CPU
		{C7F19272-CC6A-4FAC-BD75-4FB87127B11F}.Release|Any CPU.Build.0 = Release|Any CPU
		{EE56CCF0-FC8A-4EC8-8051-1F5110CAA01B}.Debug|Any CPU.ActiveCfg = Debug|Any CPU
		{EE56CCF0-FC8A-4EC8-8051-1F5110CAA01B}.Debug|Any CPU.Build.0 = Debug|Any CPU
		{EE56CCF0-FC8A-4EC8-8051-1F5110CAA01B}.Release|Any CPU.ActiveCfg = Release|Any CPU
		{EE56CCF0-FC8A-4EC8-8051-1F5110CAA01B}.Release|Any CPU.Build.0 = Release|Any CPU
		{7BE7B6A6-990C-4946-AFDD-209B03FCC3A4}.Debug|Any CPU.ActiveCfg = Debug|Any CPU
		{7BE7B6A6-990C-4946-AFDD-209B03FCC3A4}.Debug|Any CPU.Build.0 = Debug|Any CPU
		{7BE7B6A6-990C-4946-AFDD-209B03FCC3A4}.Release|Any CPU.ActiveCfg = Release|Any CPU
		{7BE7B6A6-990C-4946-AFDD-209B03FCC3A4}.Release|Any CPU.Build.0 = Release|Any CPU
		{B80F2ECA-8DED-4C50-900E-FAB60677D210}.Debug|Any CPU.ActiveCfg = Debug|Any CPU
		{B80F2ECA-8DED-4C50-900E-FAB60677D210}.Debug|Any CPU.Build.0 = Debug|Any CPU
		{B80F2ECA-8DED-4C50-900E-FAB60677D210}.Release|Any CPU.ActiveCfg = Release|Any CPU
		{B80F2ECA-8DED-4C50-900E-FAB60677D210}.Release|Any CPU.Build.0 = Release|Any CPU
		{C64802E4-4C76-4619-9B5B-1A6CB33431A0}.Debug|Any CPU.ActiveCfg = Debug|Any CPU
		{C64802E4-4C76-4619-9B5B-1A6CB33431A0}.Debug|Any CPU.Build.0 = Debug|Any CPU
		{C64802E4-4C76-4619-9B5B-1A6CB33431A0}.Release|Any CPU.ActiveCfg = Release|Any CPU
		{C64802E4-4C76-4619-9B5B-1A6CB33431A0}.Release|Any CPU.Build.0 = Release|Any CPU
		{715C3551-6D5D-4140-AB98-5302729BEC11}.Debug|Any CPU.ActiveCfg = Debug|Any CPU
		{715C3551-6D5D-4140-AB98-5302729BEC11}.Debug|Any CPU.Build.0 = Debug|Any CPU
		{715C3551-6D5D-4140-AB98-5302729BEC11}.Release|Any CPU.ActiveCfg = Release|Any CPU
		{715C3551-6D5D-4140-AB98-5302729BEC11}.Release|Any CPU.Build.0 = Release|Any CPU
		{620C94FE-D355-4801-92B0-F86D1B08FB02}.Debug|Any CPU.ActiveCfg = Debug|Any CPU
		{620C94FE-D355-4801-92B0-F86D1B08FB02}.Debug|Any CPU.Build.0 = Debug|Any CPU
		{620C94FE-D355-4801-92B0-F86D1B08FB02}.Release|Any CPU.ActiveCfg = Release|Any CPU
		{620C94FE-D355-4801-92B0-F86D1B08FB02}.Release|Any CPU.Build.0 = Release|Any CPU
		{69DE04C2-1B92-4F01-987A-3C455FB3367C}.Debug|Any CPU.ActiveCfg = Debug
		{69DE04C2-1B92-4F01-987A-3C455FB3367C}.Release|Any CPU.ActiveCfg = Release
	EndGlobalSection
	GlobalSection(SolutionProperties) = preSolution
		HideSolutionNode = FALSE
	EndGlobalSection
	GlobalSection(ExtensibilityGlobals) = postSolution
		SolutionGuid = {1367EF91-0D08-40A3-B3C6-E7C14332547D}
	EndGlobalSection
EndGlobal
